
Microsoft Visual Studio Solution File, Format Version 12.00
# Visual Studio Version 17
VisualStudioVersion = 17.11.35219.272
MinimumVisualStudioVersion = 10.0.40219.1
Project("{9A19103F-16F7-4668-BE54-9A1E7A4F7556}") = "JDLogger", "JDLogger\JDLogger.csproj", "{C61169D9-2AF4-45B6-9E14-A56946470A13}"
EndProject
Project("{FAE04EC0-301F-11D3-BF4B-00C04F79EFBC}") = "JDLogger.Test", "JDLogger.Test\JDLogger.Test.csproj", "{2CB44523-37DC-4E72-956F-78B4036A3EAB}"
EndProject
Global
	GlobalSection(SolutionConfigurationPlatforms) = preSolution
		Debug|Any CPU = Debug|Any CPU
		Release|Any CPU = Release|Any CPU
	EndGlobalSection
	GlobalSection(ProjectConfigurationPlatforms) = postSolution
		{C61169D9-2AF4-45B6-9E14-A56946470A13}.Debug|Any CPU.ActiveCfg = Debug|Any CPU
		{C61169D9-2AF4-45B6-9E14-A56946470A13}.Debug|Any CPU.Build.0 = Debug|Any CPU
		{C61169D9-2AF4-45B6-9E14-A56946470A13}.Release|Any CPU.ActiveCfg = Release|Any CPU
		{C61169D9-2AF4-45B6-9E14-A56946470A13}.Release|Any CPU.Build.0 = Release|Any CPU
		{2CB44523-37DC-4E72-956F-78B4036A3EAB}.Debug|Any CPU.ActiveCfg = Debug|Any CPU
		{2CB44523-37DC-4E72-956F-78B4036A3EAB}.Debug|Any CPU.Build.0 = Debug|Any CPU
		{2CB44523-37DC-4E72-956F-78B4036A3EAB}.Release|Any CPU.ActiveCfg = Release|Any CPU
		{2CB44523-37DC-4E72-956F-78B4036A3EAB}.Release|Any CPU.Build.0 = Release|Any CPU
	EndGlobalSection
	GlobalSection(SolutionProperties) = preSolution
		HideSolutionNode = FALSE
	EndGlobalSection
	GlobalSection(ExtensibilityGlobals) = postSolution
		SolutionGuid = {D0FCD9F4-3B46-4EA0-A0FD-FF79CA1A5546}
	EndGlobalSection
EndGlobal
